// !$*UTF8*$!
{
	archiveVersion = 1;
	classes = {
	};
	objectVersion = 46;
	objects = {

/* Begin PBXBuildFile section */
		D79ECE3F61CAE0DCD6B27B42 /* libPods.a in Frameworks */ = {isa = PBXBuildFile; fileRef = 752563C37DE3A0DC3CD5EBDC /* libPods.a */; };
		EA07CDF21C42A49300E3057C /* Geocoder.plist in Resources */ = {isa = PBXBuildFile; fileRef = EA07CDF11C42A49300E3057C /* Geocoder.plist */; };
		EA0954341C47DAEF00E08B31 /* libWeChatSDK.a in Frameworks */ = {isa = PBXBuildFile; fileRef = EA0954311C47DAEF00E08B31 /* libWeChatSDK.a */; };
		EA0954361C47DBF300E08B31 /* libc++.tbd in Frameworks */ = {isa = PBXBuildFile; fileRef = EA0954351C47DBF200E08B31 /* libc++.tbd */; };
		EA1E28C31C48E91100893D5C /* BmobSDK.framework in Frameworks */ = {isa = PBXBuildFile; fileRef = EA1E28C21C48E91100893D5C /* BmobSDK.framework */; };
		EA1E28C51C48E96800893D5C /* CoreLocation.framework in Frameworks */ = {isa = PBXBuildFile; fileRef = EA1E28C41C48E96800893D5C /* CoreLocation.framework */; };
		EA1E28C71C48E99A00893D5C /* MobileCoreServices.framework in Frameworks */ = {isa = PBXBuildFile; fileRef = EA1E28C61C48E99A00893D5C /* MobileCoreServices.framework */; };
		EA1E28C91C48E9A500893D5C /* CFNetwork.framework in Frameworks */ = {isa = PBXBuildFile; fileRef = EA1E28C81C48E9A500893D5C /* CFNetwork.framework */; };
		EA1E28CB1C48E9B900893D5C /* libz.1.2.5.tbd in Frameworks */ = {isa = PBXBuildFile; fileRef = EA1E28CA1C48E9B900893D5C /* libz.1.2.5.tbd */; };
		EA1E28CD1C48E9CA00893D5C /* libicucore.tbd in Frameworks */ = {isa = PBXBuildFile; fileRef = EA1E28CC1C48E9CA00893D5C /* libicucore.tbd */; };
		EA1E28CF1C48E9DD00893D5C /* AVFoundation.framework in Frameworks */ = {isa = PBXBuildFile; fileRef = EA1E28CE1C48E9DD00893D5C /* AVFoundation.framework */; };
		EA1E28D11C48E9EB00893D5C /* MediaPlayer.framework in Frameworks */ = {isa = PBXBuildFile; fileRef = EA1E28D01C48E9EB00893D5C /* MediaPlayer.framework */; };
		EA1E28D71C48ED0800893D5C /* Login.storyboard in Resources */ = {isa = PBXBuildFile; fileRef = EA1E28D61C48ED0800893D5C /* Login.storyboard */; };
		EA1E28DA1C48ED1B00893D5C /* LoginViewController.m in Sources */ = {isa = PBXBuildFile; fileRef = EA1E28D91C48ED1B00893D5C /* LoginViewController.m */; };
		EA27C9111C3CBC1400895FC8 /* SelectCityViewController.m in Sources */ = {isa = PBXBuildFile; fileRef = EA27C9101C3CBC1400895FC8 /* SelectCityViewController.m */; };
		EA27C9141C3CBDA100895FC8 /* SearchViewController.m in Sources */ = {isa = PBXBuildFile; fileRef = EA27C9131C3CBDA100895FC8 /* SearchViewController.m */; };
		EA27C9171C3CBE6700895FC8 /* ActivityDetailViewController.m in Sources */ = {isa = PBXBuildFile; fileRef = EA27C9161C3CBE6700895FC8 /* ActivityDetailViewController.m */; };
		EA27C91A1C3CBF3B00895FC8 /* ThemeViewController.m in Sources */ = {isa = PBXBuildFile; fileRef = EA27C9191C3CBF3B00895FC8 /* ThemeViewController.m */; };
		EA27C91D1C3CBFE100895FC8 /* ClassifyViewController.m in Sources */ = {isa = PBXBuildFile; fileRef = EA27C91C1C3CBFE100895FC8 /* ClassifyViewController.m */; };
		EA27C9201C3CC05800895FC8 /* GoodActivityViewController.m in Sources */ = {isa = PBXBuildFile; fileRef = EA27C91F1C3CC05800895FC8 /* GoodActivityViewController.m */; };
		EA27C9231C3CC06400895FC8 /* HotActivityViewController.m in Sources */ = {isa = PBXBuildFile; fileRef = EA27C9221C3CC06400895FC8 /* HotActivityViewController.m */; };
		EA27C9261C3D201500895FC8 /* UIViewController+Common.m in Sources */ = {isa = PBXBuildFile; fileRef = EA27C9251C3D201500895FC8 /* UIViewController+Common.m */; };
		EA372FCC1C462BD200E602D4 /* MessageUI.framework in Frameworks */ = {isa = PBXBuildFile; fileRef = EA372FCB1C462BD200E602D4 /* MessageUI.framework */; };
		EA372FDA1C464F9500E602D4 /* libWeiboSDK.a in Frameworks */ = {isa = PBXBuildFile; fileRef = EA372FCE1C464F9500E602D4 /* libWeiboSDK.a */; };
		EA372FDB1C464F9500E602D4 /* WeiboSDK.bundle in Resources */ = {isa = PBXBuildFile; fileRef = EA372FD71C464F9500E602D4 /* WeiboSDK.bundle */; };
		EA372FDD1C46504D00E602D4 /* QuartzCore.framework in Frameworks */ = {isa = PBXBuildFile; fileRef = EA372FDC1C46504D00E602D4 /* QuartzCore.framework */; };
		EA372FDF1C46505800E602D4 /* ImageIO.framework in Frameworks */ = {isa = PBXBuildFile; fileRef = EA372FDE1C46505800E602D4 /* ImageIO.framework */; };
		EA372FE11C46506A00E602D4 /* SystemConfiguration.framework in Frameworks */ = {isa = PBXBuildFile; fileRef = EA372FE01C46506A00E602D4 /* SystemConfiguration.framework */; };
		EA372FE31C46507600E602D4 /* Security.framework in Frameworks */ = {isa = PBXBuildFile; fileRef = EA372FE21C46507600E602D4 /* Security.framework */; };
		EA372FE51C46507F00E602D4 /* CoreTelephony.framework in Frameworks */ = {isa = PBXBuildFile; fileRef = EA372FE41C46507F00E602D4 /* CoreTelephony.framework */; };
		EA372FE71C46508800E602D4 /* CoreText.framework in Frameworks */ = {isa = PBXBuildFile; fileRef = EA372FE61C46508800E602D4 /* CoreText.framework */; };
		EA372FE91C46509600E602D4 /* UIKit.framework in Frameworks */ = {isa = PBXBuildFile; fileRef = EA372FE81C46509600E602D4 /* UIKit.framework */; };
		EA372FEB1C46509C00E602D4 /* Foundation.framework in Frameworks */ = {isa = PBXBuildFile; fileRef = EA372FEA1C46509C00E602D4 /* Foundation.framework */; };
		EA372FED1C4650A600E602D4 /* CoreGraphics.framework in Frameworks */ = {isa = PBXBuildFile; fileRef = EA372FEC1C4650A600E602D4 /* CoreGraphics.framework */; };
		EA372FEF1C4650B600E602D4 /* libz.tbd in Frameworks */ = {isa = PBXBuildFile; fileRef = EA372FEE1C4650B600E602D4 /* libz.tbd */; };
		EA372FF11C4650CB00E602D4 /* libsqlite3.tbd in Frameworks */ = {isa = PBXBuildFile; fileRef = EA372FF01C4650CB00E602D4 /* libsqlite3.tbd */; };
		EA3B58571C449EF7003D03C6 /* ProgressHUD.bundle in Resources */ = {isa = PBXBuildFile; fileRef = EA3B58541C449EF7003D03C6 /* ProgressHUD.bundle */; };
		EA3B58581C449EF7003D03C6 /* ProgressHUD.m in Sources */ = {isa = PBXBuildFile; fileRef = EA3B58561C449EF7003D03C6 /* ProgressHUD.m */; };
		EA3B585C1C44FA62003D03C6 /* DiscoverTableViewCell.m in Sources */ = {isa = PBXBuildFile; fileRef = EA3B585A1C44FA62003D03C6 /* DiscoverTableViewCell.m */; };
		EA3B585D1C44FA62003D03C6 /* DiscoverTableViewCell.xib in Resources */ = {isa = PBXBuildFile; fileRef = EA3B585B1C44FA62003D03C6 /* DiscoverTableViewCell.xib */; };
		EA3B58901C4511C3003D03C6 /* Discover.plist in Resources */ = {isa = PBXBuildFile; fileRef = EA3B588F1C4511C3003D03C6 /* Discover.plist */; };
		EA3B58931C45125A003D03C6 /* DiscoverModel.m in Sources */ = {isa = PBXBuildFile; fileRef = EA3B58921C45125A003D03C6 /* DiscoverModel.m */; };
		EA4936081C434F5600D400ED /* HotActivityTableViewCell.m in Sources */ = {isa = PBXBuildFile; fileRef = EA4936071C434F5600D400ED /* HotActivityTableViewCell.m */; };
		EA49360B1C43512300D400ED /* HotActivityModel.m in Sources */ = {isa = PBXBuildFile; fileRef = EA49360A1C43512300D400ED /* HotActivityModel.m */; };
		EA49360D1C43589300D400ED /* HotActivity.plist in Resources */ = {isa = PBXBuildFile; fileRef = EA49360C1C43589300D400ED /* HotActivity.plist */; };
		EA4936171C43912900D400ED /* VOContentLayer.m in Sources */ = {isa = PBXBuildFile; fileRef = EA4936101C43912800D400ED /* VOContentLayer.m */; };
		EA4936181C43912900D400ED /* VOIndicatorAnimation.m in Sources */ = {isa = PBXBuildFile; fileRef = EA4936121C43912800D400ED /* VOIndicatorAnimation.m */; };
		EA4936191C43912900D400ED /* VOSegment.m in Sources */ = {isa = PBXBuildFile; fileRef = EA4936141C43912800D400ED /* VOSegment.m */; };
		EA49361A1C43912900D400ED /* VOSegmentedControl.m in Sources */ = {isa = PBXBuildFile; fileRef = EA4936161C43912800D400ED /* VOSegmentedControl.m */; };
		EA49361C1C43A58400D400ED /* typeid6.plist in Resources */ = {isa = PBXBuildFile; fileRef = EA49361B1C43A58400D400ED /* typeid6.plist */; };
		EA49361E1C43A5FC00D400ED /* typeid23.plist in Resources */ = {isa = PBXBuildFile; fileRef = EA49361D1C43A5FC00D400ED /* typeid23.plist */; };
		EA4936201C43A65900D400ED /* typeid22.plist in Resources */ = {isa = PBXBuildFile; fileRef = EA49361F1C43A65900D400ED /* typeid22.plist */; };
		EA4936221C43A72300D400ED /* typeud21.plist in Resources */ = {isa = PBXBuildFile; fileRef = EA4936211C43A72300D400ED /* typeud21.plist */; };
		EA520EFE1C4737D100CB1FF4 /* ShareView.m in Sources */ = {isa = PBXBuildFile; fileRef = EA520EFD1C4737D100CB1FF4 /* ShareView.m */; };
		EA520F011C474DBA00CB1FF4 /* ShareViewController.m in Sources */ = {isa = PBXBuildFile; fileRef = EA520F001C474DBA00CB1FF4 /* ShareViewController.m */; };
		EA91C7151C3F55950040E1A3 /* ActivityDetail.plist in Resources */ = {isa = PBXBuildFile; fileRef = EA91C7141C3F55950040E1A3 /* ActivityDetail.plist */; };
		EA91C7171C3F57D60040E1A3 /* MainList.plist in Resources */ = {isa = PBXBuildFile; fileRef = EA91C7161C3F57D60040E1A3 /* MainList.plist */; };
		EA91C7191C3F5D3D0040E1A3 /* ActivityTheme.plist in Resources */ = {isa = PBXBuildFile; fileRef = EA91C7181C3F5D3D0040E1A3 /* ActivityTheme.plist */; };
		EA91C71C1C3F5EC00040E1A3 /* ActivityThemeView.m in Sources */ = {isa = PBXBuildFile; fileRef = EA91C71B1C3F5EC00040E1A3 /* ActivityThemeView.m */; };
		EA91C7221C3F9DF80040E1A3 /* blueArrow.png in Resources */ = {isa = PBXBuildFile; fileRef = EA91C71E1C3F9DF80040E1A3 /* blueArrow.png */; };
		EA91C7231C3F9DF80040E1A3 /* blueArrowDown.png in Resources */ = {isa = PBXBuildFile; fileRef = EA91C71F1C3F9DF80040E1A3 /* blueArrowDown.png */; };
		EA91C7241C3F9DF80040E1A3 /* PullingRefreshTableView.m in Sources */ = {isa = PBXBuildFile; fileRef = EA91C7211C3F9DF80040E1A3 /* PullingRefreshTableView.m */; settings = {COMPILER_FLAGS = "-fno-objc-arc"; }; };
		EA91C7281C3FA3AD0040E1A3 /* GoodActivityTableViewCell.m in Sources */ = {isa = PBXBuildFile; fileRef = EA91C7261C3FA3AD0040E1A3 /* GoodActivityTableViewCell.m */; };
		EA91C7291C3FA3AD0040E1A3 /* GoodActivityTableViewCell.xib in Resources */ = {isa = PBXBuildFile; fileRef = EA91C7271C3FA3AD0040E1A3 /* GoodActivityTableViewCell.xib */; };
		EA91C72B1C3FB7660040E1A3 /* GoodActivity.plist in Resources */ = {isa = PBXBuildFile; fileRef = EA91C72A1C3FB7660040E1A3 /* GoodActivity.plist */; };
		EA91C72D1C3FB7C80040E1A3 /* GoodActivity2.plist in Resources */ = {isa = PBXBuildFile; fileRef = EA91C72C1C3FB7C80040E1A3 /* GoodActivity2.plist */; };
		EA91C7301C3FBE330040E1A3 /* GoodActivityModel.m in Sources */ = {isa = PBXBuildFile; fileRef = EA91C72F1C3FBE330040E1A3 /* GoodActivityModel.m */; };
		EAB688301C3A1C3B00E33E17 /* main.m in Sources */ = {isa = PBXBuildFile; fileRef = EAB6882F1C3A1C3B00E33E17 /* main.m */; };
		EAB688331C3A1C3B00E33E17 /* AppDelegate.m in Sources */ = {isa = PBXBuildFile; fileRef = EAB688321C3A1C3B00E33E17 /* AppDelegate.m */; };
		EAB688351C3A1C3B00E33E17 /* Assets.xcassets in Resources */ = {isa = PBXBuildFile; fileRef = EAB688341C3A1C3B00E33E17 /* Assets.xcassets */; };
		EAB688381C3A1C3B00E33E17 /* LaunchScreen.storyboard in Resources */ = {isa = PBXBuildFile; fileRef = EAB688361C3A1C3B00E33E17 /* LaunchScreen.storyboard */; };
		EAB6885B1C3A4E2A00E33E17 /* DiscoverViewController.m in Sources */ = {isa = PBXBuildFile; fileRef = EAB6884C1C3A4E2A00E33E17 /* DiscoverViewController.m */; };
		EAB6885C1C3A4E2A00E33E17 /* MainViewController.m in Sources */ = {isa = PBXBuildFile; fileRef = EAB688521C3A4E2A00E33E17 /* MainViewController.m */; };
		EAB6885D1C3A4E2A00E33E17 /* MineViewController.m in Sources */ = {isa = PBXBuildFile; fileRef = EAB688581C3A4E2A00E33E17 /* MineViewController.m */; };
		EAB688611C3A505C00E33E17 /* Main.storyboard in Resources */ = {isa = PBXBuildFile; fileRef = EAB688601C3A505C00E33E17 /* Main.storyboard */; };
		EAB688631C3A506A00E33E17 /* Discover.storyboard in Resources */ = {isa = PBXBuildFile; fileRef = EAB688621C3A506A00E33E17 /* Discover.storyboard */; };
		EAB688651C3A507D00E33E17 /* Mine.storyboard in Resources */ = {isa = PBXBuildFile; fileRef = EAB688641C3A507D00E33E17 /* Mine.storyboard */; };
		EAB688691C3A766900E33E17 /* MainTableViewCell.m in Sources */ = {isa = PBXBuildFile; fileRef = EAB688671C3A766900E33E17 /* MainTableViewCell.m */; };
		EAB6886A1C3A766900E33E17 /* MainTableViewCell.xib in Resources */ = {isa = PBXBuildFile; fileRef = EAB688681C3A766900E33E17 /* MainTableViewCell.xib */; };
		EAD0A7381C3E4C2600E28F10 /* HWTools.m in Sources */ = {isa = PBXBuildFile; fileRef = EAD0A7371C3E4C2600E28F10 /* HWTools.m */; };
		EAD0A73B1C3E5B0200E28F10 /* UIView+Extension.m in Sources */ = {isa = PBXBuildFile; fileRef = EAD0A73A1C3E5B0200E28F10 /* UIView+Extension.m */; };
		EAD6B8CD1C3BA05A0084C6D7 /* MainModel.m in Sources */ = {isa = PBXBuildFile; fileRef = EAD6B8CC1C3BA05A0084C6D7 /* MainModel.m */; };
		EAEAA2151C3E10D5002BE420 /* ActivityDetailView.m in Sources */ = {isa = PBXBuildFile; fileRef = EAEAA2141C3E10D5002BE420 /* ActivityDetailView.m */; };
/* End PBXBuildFile section */

/* Begin PBXFileReference section */
		55ED2CD6D3821FA44030050D /* Pods.release.xcconfig */ = {isa = PBXFileReference; includeInIndex = 1; lastKnownFileType = text.xcconfig; name = Pods.release.xcconfig; path = "Pods/Target Support Files/Pods/Pods.release.xcconfig"; sourceTree = "<group>"; };
		752563C37DE3A0DC3CD5EBDC /* libPods.a */ = {isa = PBXFileReference; explicitFileType = archive.ar; includeInIndex = 0; path = libPods.a; sourceTree = BUILT_PRODUCTS_DIR; };
		773E4555705A154D421C4E83 /* Pods.debug.xcconfig */ = {isa = PBXFileReference; includeInIndex = 1; lastKnownFileType = text.xcconfig; name = Pods.debug.xcconfig; path = "Pods/Target Support Files/Pods/Pods.debug.xcconfig"; sourceTree = "<group>"; };
		EA07CDF11C42A49300E3057C /* Geocoder.plist */ = {isa = PBXFileReference; lastKnownFileType = text.plist; path = Geocoder.plist; sourceTree = "<group>"; };
		EA0954311C47DAEF00E08B31 /* libWeChatSDK.a */ = {isa = PBXFileReference; lastKnownFileType = archive.ar; path = libWeChatSDK.a; sourceTree = "<group>"; };
		EA0954321C47DAEF00E08B31 /* WXApi.h */ = {isa = PBXFileReference; fileEncoding = 4; lastKnownFileType = sourcecode.c.h; path = WXApi.h; sourceTree = "<group>"; };
		EA0954331C47DAEF00E08B31 /* WXApiObject.h */ = {isa = PBXFileReference; fileEncoding = 4; lastKnownFileType = sourcecode.c.h; path = WXApiObject.h; sourceTree = "<group>"; };
		EA0954351C47DBF200E08B31 /* libc++.tbd */ = {isa = PBXFileReference; lastKnownFileType = "sourcecode.text-based-dylib-definition"; name = "libc++.tbd"; path = "usr/lib/libc++.tbd"; sourceTree = SDKROOT; };
		EA1E28C21C48E91100893D5C /* BmobSDK.framework */ = {isa = PBXFileReference; lastKnownFileType = wrapper.framework; path = BmobSDK.framework; sourceTree = "<group>"; };
		EA1E28C41C48E96800893D5C /* CoreLocation.framework */ = {isa = PBXFileReference; lastKnownFileType = wrapper.framework; name = CoreLocation.framework; path = System/Library/Frameworks/CoreLocation.framework; sourceTree = SDKROOT; };
		EA1E28C61C48E99A00893D5C /* MobileCoreServices.framework */ = {isa = PBXFileReference; lastKnownFileType = wrapper.framework; name = MobileCoreServices.framework; path = System/Library/Frameworks/MobileCoreServices.framework; sourceTree = SDKROOT; };
		EA1E28C81C48E9A500893D5C /* CFNetwork.framework */ = {isa = PBXFileReference; lastKnownFileType = wrapper.framework; name = CFNetwork.framework; path = System/Library/Frameworks/CFNetwork.framework; sourceTree = SDKROOT; };
		EA1E28CA1C48E9B900893D5C /* libz.1.2.5.tbd */ = {isa = PBXFileReference; lastKnownFileType = "sourcecode.text-based-dylib-definition"; name = libz.1.2.5.tbd; path = usr/lib/libz.1.2.5.tbd; sourceTree = SDKROOT; };
		EA1E28CC1C48E9CA00893D5C /* libicucore.tbd */ = {isa = PBXFileReference; lastKnownFileType = "sourcecode.text-based-dylib-definition"; name = libicucore.tbd; path = usr/lib/libicucore.tbd; sourceTree = SDKROOT; };
		EA1E28CE1C48E9DD00893D5C /* AVFoundation.framework */ = {isa = PBXFileReference; lastKnownFileType = wrapper.framework; name = AVFoundation.framework; path = System/Library/Frameworks/AVFoundation.framework; sourceTree = SDKROOT; };
		EA1E28D01C48E9EB00893D5C /* MediaPlayer.framework */ = {isa = PBXFileReference; lastKnownFileType = wrapper.framework; name = MediaPlayer.framework; path = System/Library/Frameworks/MediaPlayer.framework; sourceTree = SDKROOT; };
		EA1E28D61C48ED0800893D5C /* Login.storyboard */ = {isa = PBXFileReference; fileEncoding = 4; lastKnownFileType = file.storyboard; path = Login.storyboard; sourceTree = "<group>"; };
		EA1E28D81C48ED1B00893D5C /* LoginViewController.h */ = {isa = PBXFileReference; fileEncoding = 4; lastKnownFileType = sourcecode.c.h; path = LoginViewController.h; sourceTree = "<group>"; };
		EA1E28D91C48ED1B00893D5C /* LoginViewController.m */ = {isa = PBXFileReference; fileEncoding = 4; lastKnownFileType = sourcecode.c.objc; path = LoginViewController.m; sourceTree = "<group>"; };
		EA27C90D1C3CADEC00895FC8 /* HappyWeekend.pch */ = {isa = PBXFileReference; fileEncoding = 4; lastKnownFileType = sourcecode.c.h; path = HappyWeekend.pch; sourceTree = "<group>"; };
		EA27C90E1C3CB30600895FC8 /* HWDefine.h */ = {isa = PBXFileReference; fileEncoding = 4; lastKnownFileType = sourcecode.c.h; path = HWDefine.h; sourceTree = "<group>"; };
		EA27C90F1C3CBC1400895FC8 /* SelectCityViewController.h */ = {isa = PBXFileReference; fileEncoding = 4; lastKnownFileType = sourcecode.c.h; path = SelectCityViewController.h; sourceTree = "<group>"; };
		EA27C9101C3CBC1400895FC8 /* SelectCityViewController.m */ = {isa = PBXFileReference; fileEncoding = 4; lastKnownFileType = sourcecode.c.objc; path = SelectCityViewController.m; sourceTree = "<group>"; };
		EA27C9121C3CBDA100895FC8 /* SearchViewController.h */ = {isa = PBXFileReference; fileEncoding = 4; lastKnownFileType = sourcecode.c.h; path = SearchViewController.h; sourceTree = "<group>"; };
		EA27C9131C3CBDA100895FC8 /* SearchViewController.m */ = {isa = PBXFileReference; fileEncoding = 4; lastKnownFileType = sourcecode.c.objc; path = SearchViewController.m; sourceTree = "<group>"; };
		EA27C9151C3CBE6700895FC8 /* ActivityDetailViewController.h */ = {isa = PBXFileReference; fileEncoding = 4; lastKnownFileType = sourcecode.c.h; path = ActivityDetailViewController.h; sourceTree = "<group>"; };
		EA27C9161C3CBE6700895FC8 /* ActivityDetailViewController.m */ = {isa = PBXFileReference; fileEncoding = 4; lastKnownFileType = sourcecode.c.objc; path = ActivityDetailViewController.m; sourceTree = "<group>"; };
		EA27C9181C3CBF3B00895FC8 /* ThemeViewController.h */ = {isa = PBXFileReference; fileEncoding = 4; lastKnownFileType = sourcecode.c.h; path = ThemeViewController.h; sourceTree = "<group>"; };
		EA27C9191C3CBF3B00895FC8 /* ThemeViewController.m */ = {isa = PBXFileReference; fileEncoding = 4; lastKnownFileType = sourcecode.c.objc; path = ThemeViewController.m; sourceTree = "<group>"; };
		EA27C91B1C3CBFE100895FC8 /* ClassifyViewController.h */ = {isa = PBXFileReference; fileEncoding = 4; lastKnownFileType = sourcecode.c.h; path = ClassifyViewController.h; sourceTree = "<group>"; };
		EA27C91C1C3CBFE100895FC8 /* ClassifyViewController.m */ = {isa = PBXFileReference; fileEncoding = 4; lastKnownFileType = sourcecode.c.objc; path = ClassifyViewController.m; sourceTree = "<group>"; };
		EA27C91E1C3CC05800895FC8 /* GoodActivityViewController.h */ = {isa = PBXFileReference; fileEncoding = 4; lastKnownFileType = sourcecode.c.h; path = GoodActivityViewController.h; sourceTree = "<group>"; };
		EA27C91F1C3CC05800895FC8 /* GoodActivityViewController.m */ = {isa = PBXFileReference; fileEncoding = 4; lastKnownFileType = sourcecode.c.objc; path = GoodActivityViewController.m; sourceTree = "<group>"; };
		EA27C9211C3CC06400895FC8 /* HotActivityViewController.h */ = {isa = PBXFileReference; fileEncoding = 4; lastKnownFileType = sourcecode.c.h; path = HotActivityViewController.h; sourceTree = "<group>"; };
		EA27C9221C3CC06400895FC8 /* HotActivityViewController.m */ = {isa = PBXFileReference; fileEncoding = 4; lastKnownFileType = sourcecode.c.objc; path = HotActivityViewController.m; sourceTree = "<group>"; };
		EA27C9241C3D201500895FC8 /* UIViewController+Common.h */ = {isa = PBXFileReference; fileEncoding = 4; lastKnownFileType = sourcecode.c.h; name = "UIViewController+Common.h"; path = "../../Classes/Main/Controllers/UIViewController+Common.h"; sourceTree = "<group>"; };
		EA27C9251C3D201500895FC8 /* UIViewController+Common.m */ = {isa = PBXFileReference; fileEncoding = 4; lastKnownFileType = sourcecode.c.objc; name = "UIViewController+Common.m"; path = "../../Classes/Main/Controllers/UIViewController+Common.m"; sourceTree = "<group>"; };
		EA372FCB1C462BD200E602D4 /* MessageUI.framework */ = {isa = PBXFileReference; lastKnownFileType = wrapper.framework; name = MessageUI.framework; path = System/Library/Frameworks/MessageUI.framework; sourceTree = SDKROOT; };
		EA372FCE1C464F9500E602D4 /* libWeiboSDK.a */ = {isa = PBXFileReference; lastKnownFileType = archive.ar; path = libWeiboSDK.a; sourceTree = "<group>"; };
		EA372FCF1C464F9500E602D4 /* WBHttpRequest+WeiboGame.h */ = {isa = PBXFileReference; fileEncoding = 4; lastKnownFileType = sourcecode.c.h; path = "WBHttpRequest+WeiboGame.h"; sourceTree = "<group>"; };
		EA372FD01C464F9500E602D4 /* WBHttpRequest+WeiboShare.h */ = {isa = PBXFileReference; fileEncoding = 4; lastKnownFileType = sourcecode.c.h; path = "WBHttpRequest+WeiboShare.h"; sourceTree = "<group>"; };
		EA372FD11C464F9500E602D4 /* WBHttpRequest+WeiboToken.h */ = {isa = PBXFileReference; fileEncoding = 4; lastKnownFileType = sourcecode.c.h; path = "WBHttpRequest+WeiboToken.h"; sourceTree = "<group>"; };
		EA372FD21C464F9500E602D4 /* WBHttpRequest+WeiboUser.h */ = {isa = PBXFileReference; fileEncoding = 4; lastKnownFileType = sourcecode.c.h; path = "WBHttpRequest+WeiboUser.h"; sourceTree = "<group>"; };
		EA372FD31C464F9500E602D4 /* WBHttpRequest.h */ = {isa = PBXFileReference; fileEncoding = 4; lastKnownFileType = sourcecode.c.h; path = WBHttpRequest.h; sourceTree = "<group>"; };
		EA372FD41C464F9500E602D4 /* WBSDKBasicButton.h */ = {isa = PBXFileReference; fileEncoding = 4; lastKnownFileType = sourcecode.c.h; path = WBSDKBasicButton.h; sourceTree = "<group>"; };
		EA372FD51C464F9500E602D4 /* WBSDKCommentButton.h */ = {isa = PBXFileReference; fileEncoding = 4; lastKnownFileType = sourcecode.c.h; path = WBSDKCommentButton.h; sourceTree = "<group>"; };
		EA372FD61C464F9500E602D4 /* WBSDKRelationshipButton.h */ = {isa = PBXFileReference; fileEncoding = 4; lastKnownFileType = sourcecode.c.h; path = WBSDKRelationshipButton.h; sourceTree = "<group>"; };
		EA372FD71C464F9500E602D4 /* WeiboSDK.bundle */ = {isa = PBXFileReference; lastKnownFileType = "wrapper.plug-in"; path = WeiboSDK.bundle; sourceTree = "<group>"; };
		EA372FD81C464F9500E602D4 /* WeiboSDK.h */ = {isa = PBXFileReference; fileEncoding = 4; lastKnownFileType = sourcecode.c.h; path = WeiboSDK.h; sourceTree = "<group>"; };
		EA372FD91C464F9500E602D4 /* WeiboUser.h */ = {isa = PBXFileReference; fileEncoding = 4; lastKnownFileType = sourcecode.c.h; path = WeiboUser.h; sourceTree = "<group>"; };
		EA372FDC1C46504D00E602D4 /* QuartzCore.framework */ = {isa = PBXFileReference; lastKnownFileType = wrapper.framework; name = QuartzCore.framework; path = System/Library/Frameworks/QuartzCore.framework; sourceTree = SDKROOT; };
		EA372FDE1C46505800E602D4 /* ImageIO.framework */ = {isa = PBXFileReference; lastKnownFileType = wrapper.framework; name = ImageIO.framework; path = System/Library/Frameworks/ImageIO.framework; sourceTree = SDKROOT; };
		EA372FE01C46506A00E602D4 /* SystemConfiguration.framework */ = {isa = PBXFileReference; lastKnownFileType = wrapper.framework; name = SystemConfiguration.framework; path = System/Library/Frameworks/SystemConfiguration.framework; sourceTree = SDKROOT; };
		EA372FE21C46507600E602D4 /* Security.framework */ = {isa = PBXFileReference; lastKnownFileType = wrapper.framework; name = Security.framework; path = System/Library/Frameworks/Security.framework; sourceTree = SDKROOT; };
		EA372FE41C46507F00E602D4 /* CoreTelephony.framework */ = {isa = PBXFileReference; lastKnownFileType = wrapper.framework; name = CoreTelephony.framework; path = System/Library/Frameworks/CoreTelephony.framework; sourceTree = SDKROOT; };
		EA372FE61C46508800E602D4 /* CoreText.framework */ = {isa = PBXFileReference; lastKnownFileType = wrapper.framework; name = CoreText.framework; path = System/Library/Frameworks/CoreText.framework; sourceTree = SDKROOT; };
		EA372FE81C46509600E602D4 /* UIKit.framework */ = {isa = PBXFileReference; lastKnownFileType = wrapper.framework; name = UIKit.framework; path = System/Library/Frameworks/UIKit.framework; sourceTree = SDKROOT; };
		EA372FEA1C46509C00E602D4 /* Foundation.framework */ = {isa = PBXFileReference; lastKnownFileType = wrapper.framework; name = Foundation.framework; path = System/Library/Frameworks/Foundation.framework; sourceTree = SDKROOT; };
		EA372FEC1C4650A600E602D4 /* CoreGraphics.framework */ = {isa = PBXFileReference; lastKnownFileType = wrapper.framework; name = CoreGraphics.framework; path = System/Library/Frameworks/CoreGraphics.framework; sourceTree = SDKROOT; };
		EA372FEE1C4650B600E602D4 /* libz.tbd */ = {isa = PBXFileReference; lastKnownFileType = "sourcecode.text-based-dylib-definition"; name = libz.tbd; path = usr/lib/libz.tbd; sourceTree = SDKROOT; };
		EA372FF01C4650CB00E602D4 /* libsqlite3.tbd */ = {isa = PBXFileReference; lastKnownFileType = "sourcecode.text-based-dylib-definition"; name = libsqlite3.tbd; path = usr/lib/libsqlite3.tbd; sourceTree = SDKROOT; };
		EA3B58541C449EF7003D03C6 /* ProgressHUD.bundle */ = {isa = PBXFileReference; lastKnownFileType = "wrapper.plug-in"; path = ProgressHUD.bundle; sourceTree = "<group>"; };
		EA3B58551C449EF7003D03C6 /* ProgressHUD.h */ = {isa = PBXFileReference; fileEncoding = 4; lastKnownFileType = sourcecode.c.h; path = ProgressHUD.h; sourceTree = "<group>"; };
		EA3B58561C449EF7003D03C6 /* ProgressHUD.m */ = {isa = PBXFileReference; fileEncoding = 4; lastKnownFileType = sourcecode.c.objc; path = ProgressHUD.m; sourceTree = "<group>"; };
		EA3B58591C44FA62003D03C6 /* DiscoverTableViewCell.h */ = {isa = PBXFileReference; fileEncoding = 4; lastKnownFileType = sourcecode.c.h; path = DiscoverTableViewCell.h; sourceTree = "<group>"; };
		EA3B585A1C44FA62003D03C6 /* DiscoverTableViewCell.m */ = {isa = PBXFileReference; fileEncoding = 4; lastKnownFileType = sourcecode.c.objc; path = DiscoverTableViewCell.m; sourceTree = "<group>"; };
		EA3B585B1C44FA62003D03C6 /* DiscoverTableViewCell.xib */ = {isa = PBXFileReference; fileEncoding = 4; lastKnownFileType = file.xib; path = DiscoverTableViewCell.xib; sourceTree = "<group>"; };
		EA3B588F1C4511C3003D03C6 /* Discover.plist */ = {isa = PBXFileReference; fileEncoding = 4; lastKnownFileType = text.plist.xml; path = Discover.plist; sourceTree = "<group>"; };
		EA3B58911C45125A003D03C6 /* DiscoverModel.h */ = {isa = PBXFileReference; fileEncoding = 4; lastKnownFileType = sourcecode.c.h; path = DiscoverModel.h; sourceTree = "<group>"; };
		EA3B58921C45125A003D03C6 /* DiscoverModel.m */ = {isa = PBXFileReference; fileEncoding = 4; lastKnownFileType = sourcecode.c.objc; path = DiscoverModel.m; sourceTree = "<group>"; };
		EA4936061C434F5600D400ED /* HotActivityTableViewCell.h */ = {isa = PBXFileReference; fileEncoding = 4; lastKnownFileType = sourcecode.c.h; path = HotActivityTableViewCell.h; sourceTree = "<group>"; };
		EA4936071C434F5600D400ED /* HotActivityTableViewCell.m */ = {isa = PBXFileReference; fileEncoding = 4; lastKnownFileType = sourcecode.c.objc; path = HotActivityTableViewCell.m; sourceTree = "<group>"; };
		EA4936091C43512300D400ED /* HotActivityModel.h */ = {isa = PBXFileReference; fileEncoding = 4; lastKnownFileType = sourcecode.c.h; path = HotActivityModel.h; sourceTree = "<group>"; };
		EA49360A1C43512300D400ED /* HotActivityModel.m */ = {isa = PBXFileReference; fileEncoding = 4; lastKnownFileType = sourcecode.c.objc; path = HotActivityModel.m; sourceTree = "<group>"; };
		EA49360C1C43589300D400ED /* HotActivity.plist */ = {isa = PBXFileReference; fileEncoding = 4; lastKnownFileType = text.plist.xml; name = HotActivity.plist; path = ../Views/HotActivity.plist; sourceTree = "<group>"; };
		EA49360F1C43912800D400ED /* VOContentLayer.h */ = {isa = PBXFileReference; fileEncoding = 4; lastKnownFileType = sourcecode.c.h; path = VOContentLayer.h; sourceTree = "<group>"; };
		EA4936101C43912800D400ED /* VOContentLayer.m */ = {isa = PBXFileReference; fileEncoding = 4; lastKnownFileType = sourcecode.c.objc; path = VOContentLayer.m; sourceTree = "<group>"; };
		EA4936111C43912800D400ED /* VOIndicatorAnimation.h */ = {isa = PBXFileReference; fileEncoding = 4; lastKnownFileType = sourcecode.c.h; path = VOIndicatorAnimation.h; sourceTree = "<group>"; };
		EA4936121C43912800D400ED /* VOIndicatorAnimation.m */ = {isa = PBXFileReference; fileEncoding = 4; lastKnownFileType = sourcecode.c.objc; path = VOIndicatorAnimation.m; sourceTree = "<group>"; };
		EA4936131C43912800D400ED /* VOSegment.h */ = {isa = PBXFileReference; fileEncoding = 4; lastKnownFileType = sourcecode.c.h; path = VOSegment.h; sourceTree = "<group>"; };
		EA4936141C43912800D400ED /* VOSegment.m */ = {isa = PBXFileReference; fileEncoding = 4; lastKnownFileType = sourcecode.c.objc; path = VOSegment.m; sourceTree = "<group>"; };
		EA4936151C43912800D400ED /* VOSegmentedControl.h */ = {isa = PBXFileReference; fileEncoding = 4; lastKnownFileType = sourcecode.c.h; path = VOSegmentedControl.h; sourceTree = "<group>"; };
		EA4936161C43912800D400ED /* VOSegmentedControl.m */ = {isa = PBXFileReference; fileEncoding = 4; lastKnownFileType = sourcecode.c.objc; path = VOSegmentedControl.m; sourceTree = "<group>"; };
		EA49361B1C43A58400D400ED /* typeid6.plist */ = {isa = PBXFileReference; fileEncoding = 4; lastKnownFileType = text.plist.xml; path = typeid6.plist; sourceTree = "<group>"; };
		EA49361D1C43A5FC00D400ED /* typeid23.plist */ = {isa = PBXFileReference; fileEncoding = 4; lastKnownFileType = text.plist.xml; path = typeid23.plist; sourceTree = "<group>"; };
		EA49361F1C43A65900D400ED /* typeid22.plist */ = {isa = PBXFileReference; fileEncoding = 4; lastKnownFileType = text.plist.xml; path = typeid22.plist; sourceTree = "<group>"; };
		EA4936211C43A72300D400ED /* typeud21.plist */ = {isa = PBXFileReference; fileEncoding = 4; lastKnownFileType = text.plist.xml; path = typeud21.plist; sourceTree = "<group>"; };
		EA520EFC1C4737D100CB1FF4 /* ShareView.h */ = {isa = PBXFileReference; fileEncoding = 4; lastKnownFileType = sourcecode.c.h; path = ShareView.h; sourceTree = "<group>"; };
		EA520EFD1C4737D100CB1FF4 /* ShareView.m */ = {isa = PBXFileReference; fileEncoding = 4; lastKnownFileType = sourcecode.c.objc; path = ShareView.m; sourceTree = "<group>"; };
		EA520EFF1C474DBA00CB1FF4 /* ShareViewController.h */ = {isa = PBXFileReference; fileEncoding = 4; lastKnownFileType = sourcecode.c.h; path = ShareViewController.h; sourceTree = "<group>"; };
		EA520F001C474DBA00CB1FF4 /* ShareViewController.m */ = {isa = PBXFileReference; fileEncoding = 4; lastKnownFileType = sourcecode.c.objc; path = ShareViewController.m; sourceTree = "<group>"; };
		EA91C7141C3F55950040E1A3 /* ActivityDetail.plist */ = {isa = PBXFileReference; fileEncoding = 4; lastKnownFileType = text.plist; path = ActivityDetail.plist; sourceTree = "<group>"; };
		EA91C7161C3F57D60040E1A3 /* MainList.plist */ = {isa = PBXFileReference; fileEncoding = 4; lastKnownFileType = text.plist.xml; path = MainList.plist; sourceTree = "<group>"; };
		EA91C7181C3F5D3D0040E1A3 /* ActivityTheme.plist */ = {isa = PBXFileReference; fileEncoding = 4; lastKnownFileType = text.plist.xml; path = ActivityTheme.plist; sourceTree = "<group>"; };
		EA91C71A1C3F5EC00040E1A3 /* ActivityThemeView.h */ = {isa = PBXFileReference; fileEncoding = 4; lastKnownFileType = sourcecode.c.h; path = ActivityThemeView.h; sourceTree = "<group>"; };
		EA91C71B1C3F5EC00040E1A3 /* ActivityThemeView.m */ = {isa = PBXFileReference; fileEncoding = 4; lastKnownFileType = sourcecode.c.objc; path = ActivityThemeView.m; sourceTree = "<group>"; };
		EA91C71E1C3F9DF80040E1A3 /* blueArrow.png */ = {isa = PBXFileReference; lastKnownFileType = image.png; path = blueArrow.png; sourceTree = "<group>"; };
		EA91C71F1C3F9DF80040E1A3 /* blueArrowDown.png */ = {isa = PBXFileReference; lastKnownFileType = image.png; path = blueArrowDown.png; sourceTree = "<group>"; };
		EA91C7201C3F9DF80040E1A3 /* PullingRefreshTableView.h */ = {isa = PBXFileReference; fileEncoding = 4; lastKnownFileType = sourcecode.c.h; path = PullingRefreshTableView.h; sourceTree = "<group>"; };
		EA91C7211C3F9DF80040E1A3 /* PullingRefreshTableView.m */ = {isa = PBXFileReference; fileEncoding = 4; lastKnownFileType = sourcecode.c.objc; path = PullingRefreshTableView.m; sourceTree = "<group>"; };
		EA91C7251C3FA3AD0040E1A3 /* GoodActivityTableViewCell.h */ = {isa = PBXFileReference; fileEncoding = 4; lastKnownFileType = sourcecode.c.h; path = GoodActivityTableViewCell.h; sourceTree = "<group>"; };
		EA91C7261C3FA3AD0040E1A3 /* GoodActivityTableViewCell.m */ = {isa = PBXFileReference; fileEncoding = 4; lastKnownFileType = sourcecode.c.objc; path = GoodActivityTableViewCell.m; sourceTree = "<group>"; };
		EA91C7271C3FA3AD0040E1A3 /* GoodActivityTableViewCell.xib */ = {isa = PBXFileReference; fileEncoding = 4; lastKnownFileType = file.xib; path = GoodActivityTableViewCell.xib; sourceTree = "<group>"; };
		EA91C72A1C3FB7660040E1A3 /* GoodActivity.plist */ = {isa = PBXFileReference; fileEncoding = 4; lastKnownFileType = text.plist.xml; path = GoodActivity.plist; sourceTree = "<group>"; };
		EA91C72C1C3FB7C80040E1A3 /* GoodActivity2.plist */ = {isa = PBXFileReference; fileEncoding = 4; lastKnownFileType = text.plist.xml; path = GoodActivity2.plist; sourceTree = "<group>"; };
		EA91C72E1C3FBE330040E1A3 /* GoodActivityModel.h */ = {isa = PBXFileReference; fileEncoding = 4; lastKnownFileType = sourcecode.c.h; path = GoodActivityModel.h; sourceTree = "<group>"; };
		EA91C72F1C3FBE330040E1A3 /* GoodActivityModel.m */ = {isa = PBXFileReference; fileEncoding = 4; lastKnownFileType = sourcecode.c.objc; path = GoodActivityModel.m; sourceTree = "<group>"; };
		EAB6882B1C3A1C3B00E33E17 /* HappyWeekend.app */ = {isa = PBXFileReference; explicitFileType = wrapper.application; includeInIndex = 0; path = HappyWeekend.app; sourceTree = BUILT_PRODUCTS_DIR; };
		EAB6882F1C3A1C3B00E33E17 /* main.m */ = {isa = PBXFileReference; lastKnownFileType = sourcecode.c.objc; path = main.m; sourceTree = "<group>"; };
		EAB688311C3A1C3B00E33E17 /* AppDelegate.h */ = {isa = PBXFileReference; lastKnownFileType = sourcecode.c.h; path = AppDelegate.h; sourceTree = "<group>"; };
		EAB688321C3A1C3B00E33E17 /* AppDelegate.m */ = {isa = PBXFileReference; lastKnownFileType = sourcecode.c.objc; path = AppDelegate.m; sourceTree = "<group>"; };
		EAB688341C3A1C3B00E33E17 /* Assets.xcassets */ = {isa = PBXFileReference; lastKnownFileType = folder.assetcatalog; path = Assets.xcassets; sourceTree = "<group>"; };
		EAB688371C3A1C3B00E33E17 /* Base */ = {isa = PBXFileReference; lastKnownFileType = file.storyboard; name = Base; path = Base.lproj/LaunchScreen.storyboard; sourceTree = "<group>"; };
		EAB688391C3A1C3B00E33E17 /* Info.plist */ = {isa = PBXFileReference; lastKnownFileType = text.plist.xml; path = Info.plist; sourceTree = "<group>"; };
		EAB6884B1C3A4E2A00E33E17 /* DiscoverViewController.h */ = {isa = PBXFileReference; fileEncoding = 4; lastKnownFileType = sourcecode.c.h; path = DiscoverViewController.h; sourceTree = "<group>"; };
		EAB6884C1C3A4E2A00E33E17 /* DiscoverViewController.m */ = {isa = PBXFileReference; fileEncoding = 4; lastKnownFileType = sourcecode.c.objc; path = DiscoverViewController.m; sourceTree = "<group>"; };
		EAB688511C3A4E2A00E33E17 /* MainViewController.h */ = {isa = PBXFileReference; fileEncoding = 4; lastKnownFileType = sourcecode.c.h; path = MainViewController.h; sourceTree = "<group>"; };
		EAB688521C3A4E2A00E33E17 /* MainViewController.m */ = {isa = PBXFileReference; fileEncoding = 4; lastKnownFileType = sourcecode.c.objc; path = MainViewController.m; sourceTree = "<group>"; };
		EAB688571C3A4E2A00E33E17 /* MineViewController.h */ = {isa = PBXFileReference; fileEncoding = 4; lastKnownFileType = sourcecode.c.h; path = MineViewController.h; sourceTree = "<group>"; };
		EAB688581C3A4E2A00E33E17 /* MineViewController.m */ = {isa = PBXFileReference; fileEncoding = 4; lastKnownFileType = sourcecode.c.objc; path = MineViewController.m; sourceTree = "<group>"; };
		EAB688601C3A505C00E33E17 /* Main.storyboard */ = {isa = PBXFileReference; fileEncoding = 4; lastKnownFileType = file.storyboard; path = Main.storyboard; sourceTree = "<group>"; };
		EAB688621C3A506A00E33E17 /* Discover.storyboard */ = {isa = PBXFileReference; fileEncoding = 4; lastKnownFileType = file.storyboard; path = Discover.storyboard; sourceTree = "<group>"; };
		EAB688641C3A507D00E33E17 /* Mine.storyboard */ = {isa = PBXFileReference; fileEncoding = 4; lastKnownFileType = file.storyboard; path = Mine.storyboard; sourceTree = "<group>"; };
		EAB688661C3A766900E33E17 /* MainTableViewCell.h */ = {isa = PBXFileReference; fileEncoding = 4; lastKnownFileType = sourcecode.c.h; path = MainTableViewCell.h; sourceTree = "<group>"; };
		EAB688671C3A766900E33E17 /* MainTableViewCell.m */ = {isa = PBXFileReference; fileEncoding = 4; lastKnownFileType = sourcecode.c.objc; path = MainTableViewCell.m; sourceTree = "<group>"; };
		EAB688681C3A766900E33E17 /* MainTableViewCell.xib */ = {isa = PBXFileReference; fileEncoding = 4; lastKnownFileType = file.xib; path = MainTableViewCell.xib; sourceTree = "<group>"; };
		EAD0A7361C3E4C2600E28F10 /* HWTools.h */ = {isa = PBXFileReference; fileEncoding = 4; lastKnownFileType = sourcecode.c.h; path = HWTools.h; sourceTree = "<group>"; };
		EAD0A7371C3E4C2600E28F10 /* HWTools.m */ = {isa = PBXFileReference; fileEncoding = 4; lastKnownFileType = sourcecode.c.objc; path = HWTools.m; sourceTree = "<group>"; };
		EAD0A7391C3E5B0200E28F10 /* UIView+Extension.h */ = {isa = PBXFileReference; fileEncoding = 4; lastKnownFileType = sourcecode.c.h; path = "UIView+Extension.h"; sourceTree = "<group>"; };
		EAD0A73A1C3E5B0200E28F10 /* UIView+Extension.m */ = {isa = PBXFileReference; fileEncoding = 4; lastKnownFileType = sourcecode.c.objc; path = "UIView+Extension.m"; sourceTree = "<group>"; };
		EAD6B8CB1C3BA05A0084C6D7 /* MainModel.h */ = {isa = PBXFileReference; fileEncoding = 4; lastKnownFileType = sourcecode.c.h; path = MainModel.h; sourceTree = "<group>"; };
		EAD6B8CC1C3BA05A0084C6D7 /* MainModel.m */ = {isa = PBXFileReference; fileEncoding = 4; lastKnownFileType = sourcecode.c.objc; path = MainModel.m; sourceTree = "<group>"; };
		EAEAA2131C3E10D5002BE420 /* ActivityDetailView.h */ = {isa = PBXFileReference; fileEncoding = 4; lastKnownFileType = sourcecode.c.h; path = ActivityDetailView.h; sourceTree = "<group>"; };
		EAEAA2141C3E10D5002BE420 /* ActivityDetailView.m */ = {isa = PBXFileReference; fileEncoding = 4; lastKnownFileType = sourcecode.c.objc; path = ActivityDetailView.m; sourceTree = "<group>"; };
/* End PBXFileReference section */

/* Begin PBXFrameworksBuildPhase section */
		EAB688281C3A1C3B00E33E17 /* Frameworks */ = {
			isa = PBXFrameworksBuildPhase;
			buildActionMask = 2147483647;
			files = (
				EA1E28C51C48E96800893D5C /* CoreLocation.framework in Frameworks */,
				EA1E28D11C48E9EB00893D5C /* MediaPlayer.framework in Frameworks */,
				EA1E28CF1C48E9DD00893D5C /* AVFoundation.framework in Frameworks */,
				EA1E28CD1C48E9CA00893D5C /* libicucore.tbd in Frameworks */,
				EA1E28CB1C48E9B900893D5C /* libz.1.2.5.tbd in Frameworks */,
				EA1E28C91C48E9A500893D5C /* CFNetwork.framework in Frameworks */,
				EA1E28C71C48E99A00893D5C /* MobileCoreServices.framework in Frameworks */,
				EA372FED1C4650A600E602D4 /* CoreGraphics.framework in Frameworks */,
				EA372FE31C46507600E602D4 /* Security.framework in Frameworks */,
				EA0954361C47DBF300E08B31 /* libc++.tbd in Frameworks */,
				EA372FF11C4650CB00E602D4 /* libsqlite3.tbd in Frameworks */,
				EA372FEF1C4650B600E602D4 /* libz.tbd in Frameworks */,
				EA372FEB1C46509C00E602D4 /* Foundation.framework in Frameworks */,
				EA372FE91C46509600E602D4 /* UIKit.framework in Frameworks */,
				EA372FE71C46508800E602D4 /* CoreText.framework in Frameworks */,
				EA372FE51C46507F00E602D4 /* CoreTelephony.framework in Frameworks */,
				EA372FE11C46506A00E602D4 /* SystemConfiguration.framework in Frameworks */,
				EA372FDF1C46505800E602D4 /* ImageIO.framework in Frameworks */,
				EA372FDD1C46504D00E602D4 /* QuartzCore.framework in Frameworks */,
				EA372FCC1C462BD200E602D4 /* MessageUI.framework in Frameworks */,
				EA1E28C31C48E91100893D5C /* BmobSDK.framework in Frameworks */,
				EA372FDA1C464F9500E602D4 /* libWeiboSDK.a in Frameworks */,
				D79ECE3F61CAE0DCD6B27B42 /* libPods.a in Frameworks */,
				EA0954341C47DAEF00E08B31 /* libWeChatSDK.a in Frameworks */,
			);
			runOnlyForDeploymentPostprocessing = 0;
		};
/* End PBXFrameworksBuildPhase section */

/* Begin PBXGroup section */
		0046B1DE4855A7CC871C4B72 /* Frameworks */ = {
			isa = PBXGroup;
			children = (
				EA1E28D01C48E9EB00893D5C /* MediaPlayer.framework */,
				EA1E28CE1C48E9DD00893D5C /* AVFoundation.framework */,
				EA1E28CC1C48E9CA00893D5C /* libicucore.tbd */,
				EA1E28CA1C48E9B900893D5C /* libz.1.2.5.tbd */,
				EA1E28C81C48E9A500893D5C /* CFNetwork.framework */,
				EA1E28C61C48E99A00893D5C /* MobileCoreServices.framework */,
				EA1E28C41C48E96800893D5C /* CoreLocation.framework */,
				EA1E28C21C48E91100893D5C /* BmobSDK.framework */,
				EA0954351C47DBF200E08B31 /* libc++.tbd */,
				EA372FF01C4650CB00E602D4 /* libsqlite3.tbd */,
				EA372FEE1C4650B600E602D4 /* libz.tbd */,
				EA372FEC1C4650A600E602D4 /* CoreGraphics.framework */,
				EA372FEA1C46509C00E602D4 /* Foundation.framework */,
				EA372FE81C46509600E602D4 /* UIKit.framework */,
				EA372FE61C46508800E602D4 /* CoreText.framework */,
				EA372FE41C46507F00E602D4 /* CoreTelephony.framework */,
				EA372FE21C46507600E602D4 /* Security.framework */,
				EA372FE01C46506A00E602D4 /* SystemConfiguration.framework */,
				EA372FDE1C46505800E602D4 /* ImageIO.framework */,
				EA372FDC1C46504D00E602D4 /* QuartzCore.framework */,
				EA372FCB1C462BD200E602D4 /* MessageUI.framework */,
				752563C37DE3A0DC3CD5EBDC /* libPods.a */,
			);
			name = Frameworks;
			sourceTree = "<group>";
		};
		DD037AC996940F69145DA5F7 /* Pods */ = {
			isa = PBXGroup;
			children = (
				773E4555705A154D421C4E83 /* Pods.debug.xcconfig */,
				55ED2CD6D3821FA44030050D /* Pods.release.xcconfig */,
			);
			name = Pods;
			sourceTree = "<group>";
		};
		EA0954301C47DAEF00E08B31 /* WeiXinSDK */ = {
			isa = PBXGroup;
			children = (
				EA0954311C47DAEF00E08B31 /* libWeChatSDK.a */,
				EA0954321C47DAEF00E08B31 /* WXApi.h */,
				EA0954331C47DAEF00E08B31 /* WXApiObject.h */,
			);
			path = WeiXinSDK;
			sourceTree = "<group>";
		};
		EA1E28D21C48ECF800893D5C /* Login */ = {
			isa = PBXGroup;
			children = (
				EA1E28D31C48ECF800893D5C /* Controllers */,
				EA1E28D41C48ECF800893D5C /* Models */,
				EA1E28D51C48ECF800893D5C /* Views */,
			);
			path = Login;
			sourceTree = "<group>";
		};
		EA1E28D31C48ECF800893D5C /* Controllers */ = {
			isa = PBXGroup;
			children = (
				EA1E28D81C48ED1B00893D5C /* LoginViewController.h */,
				EA1E28D91C48ED1B00893D5C /* LoginViewController.m */,
			);
			path = Controllers;
			sourceTree = "<group>";
		};
		EA1E28D41C48ECF800893D5C /* Models */ = {
			isa = PBXGroup;
			children = (
			);
			path = Models;
			sourceTree = "<group>";
		};
		EA1E28D51C48ECF800893D5C /* Views */ = {
			isa = PBXGroup;
			children = (
				EA1E28D61C48ED0800893D5C /* Login.storyboard */,
			);
			path = Views;
			sourceTree = "<group>";
		};
		EA27C90C1C3CADEC00895FC8 /* HWTools */ = {
			isa = PBXGroup;
			children = (
				EA27C90D1C3CADEC00895FC8 /* HappyWeekend.pch */,
				EA27C90E1C3CB30600895FC8 /* HWDefine.h */,
				EA27C9241C3D201500895FC8 /* UIViewController+Common.h */,
				EA27C9251C3D201500895FC8 /* UIViewController+Common.m */,
				EAD0A7361C3E4C2600E28F10 /* HWTools.h */,
				EAD0A7371C3E4C2600E28F10 /* HWTools.m */,
				EAD0A7391C3E5B0200E28F10 /* UIView+Extension.h */,
				EAD0A73A1C3E5B0200E28F10 /* UIView+Extension.m */,
				EA520EFC1C4737D100CB1FF4 /* ShareView.h */,
				EA520EFD1C4737D100CB1FF4 /* ShareView.m */,
				EA520EFF1C474DBA00CB1FF4 /* ShareViewController.h */,
				EA520F001C474DBA00CB1FF4 /* ShareViewController.m */,
			);
			path = HWTools;
			sourceTree = "<group>";
		};
		EA372FCD1C464F9500E602D4 /* libWeiboSDK */ = {
			isa = PBXGroup;
			children = (
				EA372FCE1C464F9500E602D4 /* libWeiboSDK.a */,
				EA372FCF1C464F9500E602D4 /* WBHttpRequest+WeiboGame.h */,
				EA372FD01C464F9500E602D4 /* WBHttpRequest+WeiboShare.h */,
				EA372FD11C464F9500E602D4 /* WBHttpRequest+WeiboToken.h */,
				EA372FD21C464F9500E602D4 /* WBHttpRequest+WeiboUser.h */,
				EA372FD31C464F9500E602D4 /* WBHttpRequest.h */,
				EA372FD41C464F9500E602D4 /* WBSDKBasicButton.h */,
				EA372FD51C464F9500E602D4 /* WBSDKCommentButton.h */,
				EA372FD61C464F9500E602D4 /* WBSDKRelationshipButton.h */,
				EA372FD71C464F9500E602D4 /* WeiboSDK.bundle */,
				EA372FD81C464F9500E602D4 /* WeiboSDK.h */,
				EA372FD91C464F9500E602D4 /* WeiboUser.h */,
			);
			path = libWeiboSDK;
			sourceTree = "<group>";
		};
		EA3B58531C449EF7003D03C6 /* ProgressHUD */ = {
			isa = PBXGroup;
			children = (
				EA3B58541C449EF7003D03C6 /* ProgressHUD.bundle */,
				EA3B58551C449EF7003D03C6 /* ProgressHUD.h */,
				EA3B58561C449EF7003D03C6 /* ProgressHUD.m */,
			);
			path = ProgressHUD;
			sourceTree = "<group>";
		};
		EA49360E1C43912800D400ED /* VOSegmentedControl */ = {
			isa = PBXGroup;
			children = (
				EA49360F1C43912800D400ED /* VOContentLayer.h */,
				EA4936101C43912800D400ED /* VOContentLayer.m */,
				EA4936111C43912800D400ED /* VOIndicatorAnimation.h */,
				EA4936121C43912800D400ED /* VOIndicatorAnimation.m */,
				EA4936131C43912800D400ED /* VOSegment.h */,
				EA4936141C43912800D400ED /* VOSegment.m */,
				EA4936151C43912800D400ED /* VOSegmentedControl.h */,
				EA4936161C43912800D400ED /* VOSegmentedControl.m */,
			);
			path = VOSegmentedControl;
			sourceTree = "<group>";
		};
		EA91C71D1C3F9DF80040E1A3 /* PullingRefreshTableView */ = {
			isa = PBXGroup;
			children = (
				EA91C71E1C3F9DF80040E1A3 /* blueArrow.png */,
				EA91C71F1C3F9DF80040E1A3 /* blueArrowDown.png */,
				EA91C7201C3F9DF80040E1A3 /* PullingRefreshTableView.h */,
				EA91C7211C3F9DF80040E1A3 /* PullingRefreshTableView.m */,
			);
			path = PullingRefreshTableView;
			sourceTree = "<group>";
		};
		EAB688221C3A1C3A00E33E17 = {
			isa = PBXGroup;
			children = (
				EAB6882D1C3A1C3B00E33E17 /* HappyWeekend */,
				EAB6882C1C3A1C3B00E33E17 /* Products */,
				DD037AC996940F69145DA5F7 /* Pods */,
				0046B1DE4855A7CC871C4B72 /* Frameworks */,
			);
			sourceTree = "<group>";
		};
		EAB6882C1C3A1C3B00E33E17 /* Products */ = {
			isa = PBXGroup;
			children = (
				EAB6882B1C3A1C3B00E33E17 /* HappyWeekend.app */,
			);
			name = Products;
			sourceTree = "<group>";
		};
		EAB6882D1C3A1C3B00E33E17 /* HappyWeekend */ = {
			isa = PBXGroup;
			children = (
				EAB688481C3A4E2A00E33E17 /* Classes */,
				EAB6885E1C3A4E3400E33E17 /* Library */,
				EAB6885F1C3A4FC100E33E17 /* Resources */,
				EAB688311C3A1C3B00E33E17 /* AppDelegate.h */,
				EAB688321C3A1C3B00E33E17 /* AppDelegate.m */,
				EAB688341C3A1C3B00E33E17 /* Assets.xcassets */,
				EAB688361C3A1C3B00E33E17 /* LaunchScreen.storyboard */,
				EAB688391C3A1C3B00E33E17 /* Info.plist */,
				EAB6882E1C3A1C3B00E33E17 /* Supporting Files */,
			);
			path = HappyWeekend;
			sourceTree = "<group>";
		};
		EAB6882E1C3A1C3B00E33E17 /* Supporting Files */ = {
			isa = PBXGroup;
			children = (
				EAB6882F1C3A1C3B00E33E17 /* main.m */,
			);
			name = "Supporting Files";
			sourceTree = "<group>";
		};
		EAB688481C3A4E2A00E33E17 /* Classes */ = {
			isa = PBXGroup;
			children = (
				EA1E28D21C48ECF800893D5C /* Login */,
				EAB6884F1C3A4E2A00E33E17 /* Main */,
				EAB688491C3A4E2A00E33E17 /* Discover */,
				EAB688551C3A4E2A00E33E17 /* Mine */,
			);
			path = Classes;
			sourceTree = "<group>";
		};
		EAB688491C3A4E2A00E33E17 /* Discover */ = {
			isa = PBXGroup;
			children = (
				EAB6884A1C3A4E2A00E33E17 /* Controllers */,
				EAB6884D1C3A4E2A00E33E17 /* Models */,
				EAB6884E1C3A4E2A00E33E17 /* Views */,
			);
			path = Discover;
			sourceTree = "<group>";
		};
		EAB6884A1C3A4E2A00E33E17 /* Controllers */ = {
			isa = PBXGroup;
			children = (
				EAB6884B1C3A4E2A00E33E17 /* DiscoverViewController.h */,
				EAB6884C1C3A4E2A00E33E17 /* DiscoverViewController.m */,
			);
			path = Controllers;
			sourceTree = "<group>";
		};
		EAB6884D1C3A4E2A00E33E17 /* Models */ = {
			isa = PBXGroup;
			children = (
				EA3B588F1C4511C3003D03C6 /* Discover.plist */,
				EA3B58911C45125A003D03C6 /* DiscoverModel.h */,
				EA3B58921C45125A003D03C6 /* DiscoverModel.m */,
			);
			path = Models;
			sourceTree = "<group>";
		};
		EAB6884E1C3A4E2A00E33E17 /* Views */ = {
			isa = PBXGroup;
			children = (
				EAB688621C3A506A00E33E17 /* Discover.storyboard */,
				EA3B58591C44FA62003D03C6 /* DiscoverTableViewCell.h */,
				EA3B585A1C44FA62003D03C6 /* DiscoverTableViewCell.m */,
				EA3B585B1C44FA62003D03C6 /* DiscoverTableViewCell.xib */,
			);
			path = Views;
			sourceTree = "<group>";
		};
		EAB6884F1C3A4E2A00E33E17 /* Main */ = {
			isa = PBXGroup;
			children = (
				EAB688501C3A4E2A00E33E17 /* Controllers */,
				EAB688531C3A4E2A00E33E17 /* Models */,
				EAB688541C3A4E2A00E33E17 /* Views */,
			);
			path = Main;
			sourceTree = "<group>";
		};
		EAB688501C3A4E2A00E33E17 /* Controllers */ = {
			isa = PBXGroup;
			children = (
				EAB688511C3A4E2A00E33E17 /* MainViewController.h */,
				EAB688521C3A4E2A00E33E17 /* MainViewController.m */,
				EA27C90F1C3CBC1400895FC8 /* SelectCityViewController.h */,
				EA27C9101C3CBC1400895FC8 /* SelectCityViewController.m */,
				EA27C9121C3CBDA100895FC8 /* SearchViewController.h */,
				EA27C9131C3CBDA100895FC8 /* SearchViewController.m */,
				EA27C9151C3CBE6700895FC8 /* ActivityDetailViewController.h */,
				EA27C9161C3CBE6700895FC8 /* ActivityDetailViewController.m */,
				EA27C9181C3CBF3B00895FC8 /* ThemeViewController.h */,
				EA27C9191C3CBF3B00895FC8 /* ThemeViewController.m */,
				EA27C91B1C3CBFE100895FC8 /* ClassifyViewController.h */,
				EA27C91C1C3CBFE100895FC8 /* ClassifyViewController.m */,
				EA27C91E1C3CC05800895FC8 /* GoodActivityViewController.h */,
				EA27C91F1C3CC05800895FC8 /* GoodActivityViewController.m */,
				EA27C9211C3CC06400895FC8 /* HotActivityViewController.h */,
				EA27C9221C3CC06400895FC8 /* HotActivityViewController.m */,
			);
			path = Controllers;
			sourceTree = "<group>";
		};
		EAB688531C3A4E2A00E33E17 /* Models */ = {
			isa = PBXGroup;
			children = (
				EA07CDF11C42A49300E3057C /* Geocoder.plist */,
				EA91C7161C3F57D60040E1A3 /* MainList.plist */,
				EAD6B8CB1C3BA05A0084C6D7 /* MainModel.h */,
				EAD6B8CC1C3BA05A0084C6D7 /* MainModel.m */,
				EA91C7141C3F55950040E1A3 /* ActivityDetail.plist */,
				EA91C7181C3F5D3D0040E1A3 /* ActivityTheme.plist */,
				EA91C72A1C3FB7660040E1A3 /* GoodActivity.plist */,
				EA91C72C1C3FB7C80040E1A3 /* GoodActivity2.plist */,
				EA49360C1C43589300D400ED /* HotActivity.plist */,
				EA91C72E1C3FBE330040E1A3 /* GoodActivityModel.h */,
				EA91C72F1C3FBE330040E1A3 /* GoodActivityModel.m */,
				EA4936091C43512300D400ED /* HotActivityModel.h */,
				EA49360A1C43512300D400ED /* HotActivityModel.m */,
				EA49361B1C43A58400D400ED /* typeid6.plist */,
				EA49361D1C43A5FC00D400ED /* typeid23.plist */,
				EA49361F1C43A65900D400ED /* typeid22.plist */,
				EA4936211C43A72300D400ED /* typeud21.plist */,
			);
			path = Models;
			sourceTree = "<group>";
		};
		EAB688541C3A4E2A00E33E17 /* Views */ = {
			isa = PBXGroup;
			children = (
				EAB688601C3A505C00E33E17 /* Main.storyboard */,
				EAB688661C3A766900E33E17 /* MainTableViewCell.h */,
				EAB688671C3A766900E33E17 /* MainTableViewCell.m */,
				EAB688681C3A766900E33E17 /* MainTableViewCell.xib */,
				EAEAA2131C3E10D5002BE420 /* ActivityDetailView.h */,
				EAEAA2141C3E10D5002BE420 /* ActivityDetailView.m */,
				EA91C71A1C3F5EC00040E1A3 /* ActivityThemeView.h */,
				EA91C71B1C3F5EC00040E1A3 /* ActivityThemeView.m */,
				EA91C7251C3FA3AD0040E1A3 /* GoodActivityTableViewCell.h */,
				EA91C7261C3FA3AD0040E1A3 /* GoodActivityTableViewCell.m */,
				EA91C7271C3FA3AD0040E1A3 /* GoodActivityTableViewCell.xib */,
				EA4936061C434F5600D400ED /* HotActivityTableViewCell.h */,
				EA4936071C434F5600D400ED /* HotActivityTableViewCell.m */,
			);
			path = Views;
			sourceTree = "<group>";
		};
		EAB688551C3A4E2A00E33E17 /* Mine */ = {
			isa = PBXGroup;
			children = (
				EAB688561C3A4E2A00E33E17 /* Controllers */,
				EAB688591C3A4E2A00E33E17 /* Models */,
				EAB6885A1C3A4E2A00E33E17 /* Views */,
			);
			path = Mine;
			sourceTree = "<group>";
		};
		EAB688561C3A4E2A00E33E17 /* Controllers */ = {
			isa = PBXGroup;
			children = (
				EAB688571C3A4E2A00E33E17 /* MineViewController.h */,
				EAB688581C3A4E2A00E33E17 /* MineViewController.m */,
			);
			path = Controllers;
			sourceTree = "<group>";
		};
		EAB688591C3A4E2A00E33E17 /* Models */ = {
			isa = PBXGroup;
			children = (
			);
			path = Models;
			sourceTree = "<group>";
		};
		EAB6885A1C3A4E2A00E33E17 /* Views */ = {
			isa = PBXGroup;
			children = (
				EAB688641C3A507D00E33E17 /* Mine.storyboard */,
			);
			path = Views;
			sourceTree = "<group>";
		};
		EAB6885E1C3A4E3400E33E17 /* Library */ = {
			isa = PBXGroup;
			children = (
				EA0954301C47DAEF00E08B31 /* WeiXinSDK */,
				EA372FCD1C464F9500E602D4 /* libWeiboSDK */,
				EA3B58531C449EF7003D03C6 /* ProgressHUD */,
				EA49360E1C43912800D400ED /* VOSegmentedControl */,
				EA91C71D1C3F9DF80040E1A3 /* PullingRefreshTableView */,
				EA27C90C1C3CADEC00895FC8 /* HWTools */,
			);
			path = Library;
			sourceTree = "<group>";
		};
		EAB6885F1C3A4FC100E33E17 /* Resources */ = {
			isa = PBXGroup;
			children = (
			);
			path = Resources;
			sourceTree = "<group>";
		};
/* End PBXGroup section */

/* Begin PBXNativeTarget section */
		EAB6882A1C3A1C3B00E33E17 /* HappyWeekend */ = {
			isa = PBXNativeTarget;
			buildConfigurationList = EAB6883C1C3A1C3B00E33E17 /* Build configuration list for PBXNativeTarget "HappyWeekend" */;
			buildPhases = (
				EDE377DD6E8DEE4E59B5A98A /* Check Pods Manifest.lock */,
				EAB688271C3A1C3B00E33E17 /* Sources */,
				EAB688281C3A1C3B00E33E17 /* Frameworks */,
				EAB688291C3A1C3B00E33E17 /* Resources */,
				F6A988E5B15471C325CA7E5E /* Embed Pods Frameworks */,
				8DF2FC49F74C3F27BF1FF805 /* Copy Pods Resources */,
			);
			buildRules = (
			);
			dependencies = (
			);
			name = HappyWeekend;
			productName = HappyWeekend;
			productReference = EAB6882B1C3A1C3B00E33E17 /* HappyWeekend.app */;
			productType = "com.apple.product-type.application";
		};
/* End PBXNativeTarget section */

/* Begin PBXProject section */
		EAB688231C3A1C3A00E33E17 /* Project object */ = {
			isa = PBXProject;
			attributes = {
				LastUpgradeCheck = 0720;
				ORGANIZATIONNAME = "芒果科技";
				TargetAttributes = {
					EAB6882A1C3A1C3B00E33E17 = {
						CreatedOnToolsVersion = 7.2;
						DevelopmentTeam = YEJ7XVNCC4;
					};
				};
			};
			buildConfigurationList = EAB688261C3A1C3A00E33E17 /* Build configuration list for PBXProject "HappyWeekend" */;
			compatibilityVersion = "Xcode 3.2";
			developmentRegion = English;
			hasScannedForEncodings = 0;
			knownRegions = (
				en,
				Base,
			);
			mainGroup = EAB688221C3A1C3A00E33E17;
			productRefGroup = EAB6882C1C3A1C3B00E33E17 /* Products */;
			projectDirPath = "";
			projectRoot = "";
			targets = (
				EAB6882A1C3A1C3B00E33E17 /* HappyWeekend */,
			);
		};
/* End PBXProject section */

/* Begin PBXResourcesBuildPhase section */
		EAB688291C3A1C3B00E33E17 /* Resources */ = {
			isa = PBXResourcesBuildPhase;
			buildActionMask = 2147483647;
			files = (
				EA91C7171C3F57D60040E1A3 /* MainList.plist in Resources */,
				EAB6886A1C3A766900E33E17 /* MainTableViewCell.xib in Resources */,
				EA3B58571C449EF7003D03C6 /* ProgressHUD.bundle in Resources */,
				EAB688611C3A505C00E33E17 /* Main.storyboard in Resources */,
				EA49360D1C43589300D400ED /* HotActivity.plist in Resources */,
				EA91C72B1C3FB7660040E1A3 /* GoodActivity.plist in Resources */,
				EA91C7191C3F5D3D0040E1A3 /* ActivityTheme.plist in Resources */,
				EA4936221C43A72300D400ED /* typeud21.plist in Resources */,
				EA1E28D71C48ED0800893D5C /* Login.storyboard in Resources */,
				EA49361E1C43A5FC00D400ED /* typeid23.plist in Resources */,
				EA49361C1C43A58400D400ED /* typeid6.plist in Resources */,
				EA3B58901C4511C3003D03C6 /* Discover.plist in Resources */,
				EA91C7231C3F9DF80040E1A3 /* blueArrowDown.png in Resources */,
				EA07CDF21C42A49300E3057C /* Geocoder.plist in Resources */,
				EA3B585D1C44FA62003D03C6 /* DiscoverTableViewCell.xib in Resources */,
				EAB688631C3A506A00E33E17 /* Discover.storyboard in Resources */,
				EAB688651C3A507D00E33E17 /* Mine.storyboard in Resources */,
				EA91C7291C3FA3AD0040E1A3 /* GoodActivityTableViewCell.xib in Resources */,
				EA91C72D1C3FB7C80040E1A3 /* GoodActivity2.plist in Resources */,
				EAB688351C3A1C3B00E33E17 /* Assets.xcassets in Resources */,
				EA91C7221C3F9DF80040E1A3 /* blueArrow.png in Resources */,
				EA4936201C43A65900D400ED /* typeid22.plist in Resources */,
				EA91C7151C3F55950040E1A3 /* ActivityDetail.plist in Resources */,
				EAB688381C3A1C3B00E33E17 /* LaunchScreen.storyboard in Resources */,
				EA372FDB1C464F9500E602D4 /* WeiboSDK.bundle in Resources */,
			);
			runOnlyForDeploymentPostprocessing = 0;
		};
/* End PBXResourcesBuildPhase section */

/* Begin PBXShellScriptBuildPhase section */
		8DF2FC49F74C3F27BF1FF805 /* Copy Pods Resources */ = {
			isa = PBXShellScriptBuildPhase;
			buildActionMask = 2147483647;
			files = (
			);
			inputPaths = (
			);
			name = "Copy Pods Resources";
			outputPaths = (
			);
			runOnlyForDeploymentPostprocessing = 0;
			shellPath = /bin/sh;
			shellScript = "\"${SRCROOT}/Pods/Target Support Files/Pods/Pods-resources.sh\"\n";
			showEnvVarsInLog = 0;
		};
		EDE377DD6E8DEE4E59B5A98A /* Check Pods Manifest.lock */ = {
			isa = PBXShellScriptBuildPhase;
			buildActionMask = 2147483647;
			files = (
			);
			inputPaths = (
			);
			name = "Check Pods Manifest.lock";
			outputPaths = (
			);
			runOnlyForDeploymentPostprocessing = 0;
			shellPath = /bin/sh;
			shellScript = "diff \"${PODS_ROOT}/../Podfile.lock\" \"${PODS_ROOT}/Manifest.lock\" > /dev/null\nif [[ $? != 0 ]] ; then\n    cat << EOM\nerror: The sandbox is not in sync with the Podfile.lock. Run 'pod install' or update your CocoaPods installation.\nEOM\n    exit 1\nfi\n";
			showEnvVarsInLog = 0;
		};
		F6A988E5B15471C325CA7E5E /* Embed Pods Frameworks */ = {
			isa = PBXShellScriptBuildPhase;
			buildActionMask = 2147483647;
			files = (
			);
			inputPaths = (
			);
			name = "Embed Pods Frameworks";
			outputPaths = (
			);
			runOnlyForDeploymentPostprocessing = 0;
			shellPath = /bin/sh;
			shellScript = "\"${SRCROOT}/Pods/Target Support Files/Pods/Pods-frameworks.sh\"\n";
			showEnvVarsInLog = 0;
		};
/* End PBXShellScriptBuildPhase section */

/* Begin PBXSourcesBuildPhase section */
		EAB688271C3A1C3B00E33E17 /* Sources */ = {
			isa = PBXSourcesBuildPhase;
			buildActionMask = 2147483647;
			files = (
				EAD0A73B1C3E5B0200E28F10 /* UIView+Extension.m in Sources */,
				EA4936181C43912900D400ED /* VOIndicatorAnimation.m in Sources */,
				EAD0A7381C3E4C2600E28F10 /* HWTools.m in Sources */,
				EA4936171C43912900D400ED /* VOContentLayer.m in Sources */,
				EA27C91D1C3CBFE100895FC8 /* ClassifyViewController.m in Sources */,
				EA4936191C43912900D400ED /* VOSegment.m in Sources */,
				EA3B585C1C44FA62003D03C6 /* DiscoverTableViewCell.m in Sources */,
				EA27C9231C3CC06400895FC8 /* HotActivityViewController.m in Sources */,
				EAB688691C3A766900E33E17 /* MainTableViewCell.m in Sources */,
				EA4936081C434F5600D400ED /* HotActivityTableViewCell.m in Sources */,
				EA27C9201C3CC05800895FC8 /* GoodActivityViewController.m in Sources */,
				EAB688331C3A1C3B00E33E17 /* AppDelegate.m in Sources */,
				EAB6885B1C3A4E2A00E33E17 /* DiscoverViewController.m in Sources */,
				EA520F011C474DBA00CB1FF4 /* ShareViewController.m in Sources */,
				EAB6885D1C3A4E2A00E33E17 /* MineViewController.m in Sources */,
				EA3B58931C45125A003D03C6 /* DiscoverModel.m in Sources */,
				EA49361A1C43912900D400ED /* VOSegmentedControl.m in Sources */,
				EA91C7301C3FBE330040E1A3 /* GoodActivityModel.m in Sources */,
				EA27C9171C3CBE6700895FC8 /* ActivityDetailViewController.m in Sources */,
				EA27C9141C3CBDA100895FC8 /* SearchViewController.m in Sources */,
				EA91C71C1C3F5EC00040E1A3 /* ActivityThemeView.m in Sources */,
				EA520EFE1C4737D100CB1FF4 /* ShareView.m in Sources */,
				EA49360B1C43512300D400ED /* HotActivityModel.m in Sources */,
				EA27C91A1C3CBF3B00895FC8 /* ThemeViewController.m in Sources */,
				EA1E28DA1C48ED1B00893D5C /* LoginViewController.m in Sources */,
				EA91C7241C3F9DF80040E1A3 /* PullingRefreshTableView.m in Sources */,
				EA3B58581C449EF7003D03C6 /* ProgressHUD.m in Sources */,
				EAEAA2151C3E10D5002BE420 /* ActivityDetailView.m in Sources */,
				EAB688301C3A1C3B00E33E17 /* main.m in Sources */,
				EA27C9111C3CBC1400895FC8 /* SelectCityViewController.m in Sources */,
				EAB6885C1C3A4E2A00E33E17 /* MainViewController.m in Sources */,
				EA27C9261C3D201500895FC8 /* UIViewController+Common.m in Sources */,
				EAD6B8CD1C3BA05A0084C6D7 /* MainModel.m in Sources */,
				EA91C7281C3FA3AD0040E1A3 /* GoodActivityTableViewCell.m in Sources */,
			);
			runOnlyForDeploymentPostprocessing = 0;
		};
/* End PBXSourcesBuildPhase section */

/* Begin PBXVariantGroup section */
		EAB688361C3A1C3B00E33E17 /* LaunchScreen.storyboard */ = {
			isa = PBXVariantGroup;
			children = (
				EAB688371C3A1C3B00E33E17 /* Base */,
			);
			name = LaunchScreen.storyboard;
			sourceTree = "<group>";
		};
/* End PBXVariantGroup section */

/* Begin XCBuildConfiguration section */
		EAB6883A1C3A1C3B00E33E17 /* Debug */ = {
			isa = XCBuildConfiguration;
			buildSettings = {
				ALWAYS_SEARCH_USER_PATHS = NO;
				CLANG_CXX_LANGUAGE_STANDARD = "gnu++0x";
				CLANG_CXX_LIBRARY = "libc++";
				CLANG_ENABLE_MODULES = YES;
				CLANG_ENABLE_OBJC_ARC = YES;
				CLANG_WARN_BOOL_CONVERSION = YES;
				CLANG_WARN_CONSTANT_CONVERSION = YES;
				CLANG_WARN_DIRECT_OBJC_ISA_USAGE = YES_ERROR;
				CLANG_WARN_EMPTY_BODY = YES;
				CLANG_WARN_ENUM_CONVERSION = YES;
				CLANG_WARN_INT_CONVERSION = YES;
				CLANG_WARN_OBJC_ROOT_CLASS = YES_ERROR;
				CLANG_WARN_UNREACHABLE_CODE = YES;
				CLANG_WARN__DUPLICATE_METHOD_MATCH = YES;
				CODE_SIGN_IDENTITY = "";
				"CODE_SIGN_IDENTITY[sdk=iphoneos*]" = "";
				COPY_PHASE_STRIP = NO;
				DEBUG_INFORMATION_FORMAT = dwarf;
				ENABLE_STRICT_OBJC_MSGSEND = YES;
				ENABLE_TESTABILITY = YES;
				GCC_C_LANGUAGE_STANDARD = gnu99;
				GCC_DYNAMIC_NO_PIC = NO;
				GCC_NO_COMMON_BLOCKS = YES;
				GCC_OPTIMIZATION_LEVEL = 0;
				GCC_PREPROCESSOR_DEFINITIONS = (
					"DEBUG=1",
					"$(inherited)",
				);
				GCC_WARN_64_TO_32_BIT_CONVERSION = YES;
				GCC_WARN_ABOUT_RETURN_TYPE = YES_ERROR;
				GCC_WARN_UNDECLARED_SELECTOR = YES;
				GCC_WARN_UNINITIALIZED_AUTOS = YES_AGGRESSIVE;
				GCC_WARN_UNUSED_FUNCTION = YES;
				GCC_WARN_UNUSED_VARIABLE = YES;
				IPHONEOS_DEPLOYMENT_TARGET = 9.2;
				MTL_ENABLE_DEBUG_INFO = YES;
				ONLY_ACTIVE_ARCH = YES;
				PROVISIONING_PROFILE = "";
				SDKROOT = iphoneos;
			};
			name = Debug;
		};
		EAB6883B1C3A1C3B00E33E17 /* Release */ = {
			isa = XCBuildConfiguration;
			buildSettings = {
				ALWAYS_SEARCH_USER_PATHS = NO;
				CLANG_CXX_LANGUAGE_STANDARD = "gnu++0x";
				CLANG_CXX_LIBRARY = "libc++";
				CLANG_ENABLE_MODULES = YES;
				CLANG_ENABLE_OBJC_ARC = YES;
				CLANG_WARN_BOOL_CONVERSION = YES;
				CLANG_WARN_CONSTANT_CONVERSION = YES;
				CLANG_WARN_DIRECT_OBJC_ISA_USAGE = YES_ERROR;
				CLANG_WARN_EMPTY_BODY = YES;
				CLANG_WARN_ENUM_CONVERSION = YES;
				CLANG_WARN_INT_CONVERSION = YES;
				CLANG_WARN_OBJC_ROOT_CLASS = YES_ERROR;
				CLANG_WARN_UNREACHABLE_CODE = YES;
				CLANG_WARN__DUPLICATE_METHOD_MATCH = YES;
				CODE_SIGN_IDENTITY = "";
				"CODE_SIGN_IDENTITY[sdk=iphoneos*]" = "";
				COPY_PHASE_STRIP = NO;
				DEBUG_INFORMATION_FORMAT = "dwarf-with-dsym";
				ENABLE_NS_ASSERTIONS = NO;
				ENABLE_STRICT_OBJC_MSGSEND = YES;
				GCC_C_LANGUAGE_STANDARD = gnu99;
				GCC_NO_COMMON_BLOCKS = YES;
				GCC_WARN_64_TO_32_BIT_CONVERSION = YES;
				GCC_WARN_ABOUT_RETURN_TYPE = YES_ERROR;
				GCC_WARN_UNDECLARED_SELECTOR = YES;
				GCC_WARN_UNINITIALIZED_AUTOS = YES_AGGRESSIVE;
				GCC_WARN_UNUSED_FUNCTION = YES;
				GCC_WARN_UNUSED_VARIABLE = YES;
				IPHONEOS_DEPLOYMENT_TARGET = 9.2;
				MTL_ENABLE_DEBUG_INFO = NO;
				PROVISIONING_PROFILE = "";
				SDKROOT = iphoneos;
				VALIDATE_PRODUCT = YES;
			};
			name = Release;
		};
		EAB6883D1C3A1C3B00E33E17 /* Debug */ = {
			isa = XCBuildConfiguration;
			baseConfigurationReference = 773E4555705A154D421C4E83 /* Pods.debug.xcconfig */;
			buildSettings = {
				ASSETCATALOG_COMPILER_APPICON_NAME = AppIcon;
				CODE_SIGN_IDENTITY = "iPhone Developer";
				"CODE_SIGN_IDENTITY[sdk=iphoneos*]" = "iPhone Developer";
				ENABLE_BITCODE = NO;
				FRAMEWORK_SEARCH_PATHS = (
					"$(inherited)",
					"$(PROJECT_DIR)",
				);
				GCC_PRECOMPILE_PREFIX_HEADER = YES;
				GCC_PREFIX_HEADER = "$(SRCROOT)/HappyWeekend/Library/HWTools/HappyWeekend.pch";
				HEADER_SEARCH_PATHS = (
					"$(inherited)",
					"\"${PODS_ROOT}/Headers/Public\"",
					"\"${PODS_ROOT}/Headers/Public/AFNetworking\"",
					"\"${PODS_ROOT}/Headers/Public/SDWebImage\"",
					"${PODS_ROOT}/HappyWeekend/Library/WeiXinSDK",
				);
				INFOPLIST_FILE = HappyWeekend/Info.plist;
				IPHONEOS_DEPLOYMENT_TARGET = 8.0;
				LD_RUNPATH_SEARCH_PATHS = "$(inherited) @executable_path/Frameworks";
				LIBRARY_SEARCH_PATHS = (
					"$(inherited)",
					"$(PROJECT_DIR)/HappyWeekend/Library/libWeiboSDK",
					"$(PROJECT_DIR)/HappyWeekend/Library/WeiXinSDK",
				);
				PRODUCT_BUNDLE_IDENTIFIER = com.ZMangoiOS.HappyWeekend;
				PRODUCT_NAME = "$(TARGET_NAME)";
				PROVISIONING_PROFILE = "";
			};
			name = Debug;
		};
		EAB6883E1C3A1C3B00E33E17 /* Release */ = {
			isa = XCBuildConfiguration;
			baseConfigurationReference = 55ED2CD6D3821FA44030050D /* Pods.release.xcconfig */;
			buildSettings = {
				ASSETCATALOG_COMPILER_APPICON_NAME = AppIcon;
				CODE_SIGN_IDENTITY = "iPhone Developer";
				"CODE_SIGN_IDENTITY[sdk=iphoneos*]" = "iPhone Developer";
				ENABLE_BITCODE = NO;
				FRAMEWORK_SEARCH_PATHS = (
					"$(inherited)",
					"$(PROJECT_DIR)",
				);
				GCC_PRECOMPILE_PREFIX_HEADER = YES;
				GCC_PREFIX_HEADER = "$(SRCROOT)/HappyWeekend/Library/HWTools/HappyWeekend.pch";
				HEADER_SEARCH_PATHS = (
					"$(inherited)",
					"\"${PODS_ROOT}/Headers/Public\"",
					"\"${PODS_ROOT}/Headers/Public/AFNetworking\"",
					"\"${PODS_ROOT}/Headers/Public/SDWebImage\"",
					"${PODS_ROOT}/HappyWeekend/Library/WeiXinSDK",
				);
				INFOPLIST_FILE = HappyWeekend/Info.plist;
				IPHONEOS_DEPLOYMENT_TARGET = 8.0;
				LD_RUNPATH_SEARCH_PATHS = "$(inherited) @executable_path/Frameworks";
				LIBRARY_SEARCH_PATHS = (
					"$(inherited)",
					"$(PROJECT_DIR)/HappyWeekend/Library/libWeiboSDK",
					"$(PROJECT_DIR)/HappyWeekend/Library/WeiXinSDK",
				);
				ONLY_ACTIVE_ARCH = YES;
				PRODUCT_BUNDLE_IDENTIFIER = com.ZMangoiOS.HappyWeekend;
				PRODUCT_NAME = "$(TARGET_NAME)";
				PROVISIONING_PROFILE = "";
			};
			name = Release;
		};
/* End XCBuildConfiguration section */

/* Begin XCConfigurationList section */
		EAB688261C3A1C3A00E33E17 /* Build configuration list for PBXProject "HappyWeekend" */ = {
			isa = XCConfigurationList;
			buildConfigurations = (
				EAB6883A1C3A1C3B00E33E17 /* Debug */,
				EAB6883B1C3A1C3B00E33E17 /* Release */,
			);
			defaultConfigurationIsVisible = 0;
			defaultConfigurationName = Release;
		};
		EAB6883C1C3A1C3B00E33E17 /* Build configuration list for PBXNativeTarget "HappyWeekend" */ = {
			isa = XCConfigurationList;
			buildConfigurations = (
				EAB6883D1C3A1C3B00E33E17 /* Debug */,
				EAB6883E1C3A1C3B00E33E17 /* Release */,
			);
			defaultConfigurationIsVisible = 0;
			defaultConfigurationName = Release;
		};
/* End XCConfigurationList section */
	};
	rootObject = EAB688231C3A1C3A00E33E17 /* Project object */;
}
